
Microsoft Visual Studio Solution File, Format Version 12.00
# Visual Studio Version 16
VisualStudioVersion = 16.0.31702.278
MinimumVisualStudioVersion = 10.0.40219.1
Project("{9A19103F-16F7-4668-BE54-9A1E7A4F7556}") = "Palette.Core", "Palette.Core\Palette.Core.csproj", "{D87B45A2-877A-4FD0-80F0-3A7251F63484}"
EndProject
Project("{9A19103F-16F7-4668-BE54-9A1E7A4F7556}") = "Palette.Core.Tests", "Palette.Core.Tests\Palette.Core.Tests.csproj", "{0D83E9BF-BAE7-4D4F-8B45-F230FD6D2066}"
EndProject
Project("{FAE04EC0-301F-11D3-BF4B-00C04F79EFBC}") = "Web", "Web\Web.csproj", "{09CCF6E3-FF53-4239-A497-8A3C6CA63E82}"
EndProject
Project("{FAE04EC0-301F-11D3-BF4B-00C04F79EFBC}") = "Core", "Core\Core.csproj", "{E435ABD3-CBEA-4A6D-B29A-B1EB5D94F074}"
EndProject
Global
	GlobalSection(SolutionConfigurationPlatforms) = preSolution
		Debug|Any CPU = Debug|Any CPU
		Release|Any CPU = Release|Any CPU
	EndGlobalSection
	GlobalSection(ProjectConfigurationPlatforms) = postSolution
		{D87B45A2-877A-4FD0-80F0-3A7251F63484}.Debug|Any CPU.ActiveCfg = Debug|Any CPU
		{D87B45A2-877A-4FD0-80F0-3A7251F63484}.Debug|Any CPU.Build.0 = Debug|Any CPU
		{D87B45A2-877A-4FD0-80F0-3A7251F63484}.Release|Any CPU.ActiveCfg = Release|Any CPU
		{D87B45A2-877A-4FD0-80F0-3A7251F63484}.Release|Any CPU.Build.0 = Release|Any CPU
		{0D83E9BF-BAE7-4D4F-8B45-F230FD6D2066}.Debug|Any CPU.ActiveCfg = Debug|Any CPU
		{0D83E9BF-BAE7-4D4F-8B45-F230FD6D2066}.Debug|Any CPU.Build.0 = Debug|Any CPU
		{0D83E9BF-BAE7-4D4F-8B45-F230FD6D2066}.Release|Any CPU.ActiveCfg = Release|Any CPU
		{0D83E9BF-BAE7-4D4F-8B45-F230FD6D2066}.Release|Any CPU.Build.0 = Release|Any CPU
		{09CCF6E3-FF53-4239-A497-8A3C6CA63E82}.Debug|Any CPU.ActiveCfg = Debug|Any CPU
		{09CCF6E3-FF53-4239-A497-8A3C6CA63E82}.Debug|Any CPU.Build.0 = Debug|Any CPU
		{09CCF6E3-FF53-4239-A497-8A3C6CA63E82}.Release|Any CPU.ActiveCfg = Release|Any CPU
		{09CCF6E3-FF53-4239-A497-8A3C6CA63E82}.Release|Any CPU.Build.0 = Release|Any CPU
		{E435ABD3-CBEA-4A6D-B29A-B1EB5D94F074}.Debug|Any CPU.ActiveCfg = Debug|Any CPU
		{E435ABD3-CBEA-4A6D-B29A-B1EB5D94F074}.Debug|Any CPU.Build.0 = Debug|Any CPU
		{E435ABD3-CBEA-4A6D-B29A-B1EB5D94F074}.Release|Any CPU.ActiveCfg = Release|Any CPU
		{E435ABD3-CBEA-4A6D-B29A-B1EB5D94F074}.Release|Any CPU.Build.0 = Release|Any CPU
	EndGlobalSection
	GlobalSection(SolutionProperties) = preSolution
		HideSolutionNode = FALSE
	EndGlobalSection
	GlobalSection(ExtensibilityGlobals) = postSolution
		SolutionGuid = {A2CB9806-1E44-4F1F-A62D-F4F5A3B8A382}
	EndGlobalSection
EndGlobal
